[root]
name = "metachronism"
version = "0.1.0"
dependencies = [
 "goss 0.1.0 (git+https://github.com/heddwch/goss.git)",
 "z80e_core_rust 0.1.0",
]

[[package]]
name = "goss"
version = "0.1.0"
source = "git+https://github.com/heddwch/goss.git#b0a6267b531c29c64ba9ff8d6bac7335081144a7"

[[package]]
name = "libc"
version = "0.2.4"
source = "registry+https://github.com/rust-lang/crates.io-index"

[[package]]
name = "z80e_core_rust"
version = "0.1.0"
dependencies = [
 "libc 0.2.4 (registry+https://github.com/rust-lang/crates.io-index)",
]

